
Microsoft Visual Studio Solution File, Format Version 12.00
# Visual Studio Version 17
VisualStudioVersion = 17.6.33829.357
MinimumVisualStudioVersion = 10.0.40219.1
Project("{FAE04EC0-301F-11D3-BF4B-00C04F79EFBC}") = "Dashboard", "Dashboard.csproj", "{AEDE481F-B97B-4FDC-9E21-8492761763A7}"
EndProject
Global
	GlobalSection(SolutionConfigurationPlatforms) = preSolution
		Debug|Any CPU = Debug|Any CPU
		Release|Any CPU = Release|Any CPU
	EndGlobalSection
	GlobalSection(ProjectConfigurationPlatforms) = postSolution
		{AEDE481F-B97B-4FDC-9E21-8492761763A7}.Debug|Any CPU.ActiveCfg = Debug|Any CPU
		{AEDE481F-B97B-4FDC-9E21-8492761763A7}.Debug|Any CPU.Build.0 = Debug|Any CPU
		{AEDE481F-B97B-4FDC-9E21-8492761763A7}.Release|Any CPU.ActiveCfg = Release|Any CPU
		{AEDE481F-B97B-4FDC-9E21-8492761763A7}.Release|Any CPU.Build.0 = Release|Any CPU
	EndGlobalSection
	GlobalSection(SolutionProperties) = preSolution
		HideSolutionNode = FALSE
	EndGlobalSection
	GlobalSection(ExtensibilityGlobals) = postSolution
		SolutionGuid = {A6C3AFBD-05F5-4082-844D-C89160F77EF6}
	EndGlobalSection
EndGlobal
